
Microsoft Visual Studio Solution File, Format Version 12.00
# Visual Studio Version 17
VisualStudioVersion = 17.14.36310.24 d17.14
MinimumVisualStudioVersion = 10.0.40219.1
Project("{FAE04EC0-301F-11D3-BF4B-00C04F79EFBC}") = "PE_CustomStack&Queues", "PE_CustomStack&Queues.csproj", "{A7829CFE-4262-44AD-8330-C50B025912FC}"
EndProject
Global
	GlobalSection(SolutionConfigurationPlatforms) = preSolution
		Debug|Any CPU = Debug|Any CPU
		Release|Any CPU = Release|Any CPU
	EndGlobalSection
	GlobalSection(ProjectConfigurationPlatforms) = postSolution
		{A7829CFE-4262-44AD-8330-C50B025912FC}.Debug|Any CPU.ActiveCfg = Debug|Any CPU
		{A7829CFE-4262-44AD-8330-C50B025912FC}.Debug|Any CPU.Build.0 = Debug|Any CPU
		{A7829CFE-4262-44AD-8330-C50B025912FC}.Release|Any CPU.ActiveCfg = Release|Any CPU
		{A7829CFE-4262-44AD-8330-C50B025912FC}.Release|Any CPU.Build.0 = Release|Any CPU
	EndGlobalSection
	GlobalSection(SolutionProperties) = preSolution
		HideSolutionNode = FALSE
	EndGlobalSection
	GlobalSection(ExtensibilityGlobals) = postSolution
		SolutionGuid = {401F18A3-E0CE-405A-A4FB-D4E5683042B8}
	EndGlobalSection
EndGlobal
